{
  "nodes": {
    "flakeNimbleLib": {
      "inputs": {
        "nixpkgs": [
          "nixpkgs"
        ]
      },
      "locked": {
        "lastModified": 1662018438,
        "narHash": "sha256-QtNtU6+LX3Wokxf0zlFwKTFOcn6TeDjKQZ+DA9OYtvM=",
        "owner": "riinr",
        "repo": "nim-flakes-lib",
        "rev": "b1fe8340736e3a85d25c709ac3dfd82a55c03cbf",
        "type": "github"
      },
      "original": {
        "owner": "riinr",
        "ref": "master",
        "repo": "nim-flakes-lib",
        "type": "github"
      }
    },
    "kashae-master": {
      "inputs": {
        "flakeNimbleLib": [
          "flakeNimbleLib"
        ],
        "nixpkgs": [
          "nixpkgs"
        ],
        "src-kashae-master": "src-kashae-master"
      },
      "locked": {
        "dir": "master",
        "lastModified": 1667322372,
        "narHash": "sha256-CZ8c5MXTsHfLjmZGB0KmMz2fL0j6DXWzLRcGR4o2LCI=",
        "owner": "nim-nix-pkgs",
        "repo": "kashae",
        "rev": "5473cabbb3a8cc5b5b003507bbc5eee2297d0bfa",
        "type": "github"
      },
      "original": {
        "dir": "master",
        "owner": "nim-nix-pkgs",
        "ref": "master",
        "repo": "kashae",
        "type": "github"
      }
    },
    "nixpkgs": {
      "locked": {
        "lastModified": 1667199707,
        "narHash": "sha256-I2Js3Y7gUyVSEXPULHlBoRek4Lh85vnevdS6mdvDNLI=",
        "owner": "NixOS",
        "repo": "nixpkgs",
        "rev": "ced197be72099edcfa68ebed8b87af7b04851f45",
        "type": "github"
      },
      "original": {
        "id": "nixpkgs",
        "type": "indirect"
      }
    },
    "root": {
      "inputs": {
        "flakeNimbleLib": "flakeNimbleLib",
        "kashae-master": "kashae-master",
        "nixpkgs": "nixpkgs"
      }
    },
    "src-kashae-master": {
      "flake": false,
      "locked": {
        "lastModified": 1623287473,
        "narHash": "sha256-sWMf/dZLxa42HRdfQdKQSjCBD3EDVrHfjGynFeW+nZA=",
        "owner": "beef331",
        "repo": "kashae",
        "rev": "0642911360fc1aeef6dac51529f18894d7f54554",
        "type": "github"
      },
      "original": {
        "owner": "beef331",
        "ref": "refs/heads/master",
        "repo": "kashae",
        "type": "github"
      }
    }
  },
  "root": "root",
  "version": 7
}
