{
  "nodes": {
    "flakeNimbleLib": {
      "inputs": {
        "nixpkgs": [
          "nixpkgs"
        ]
      },
      "locked": {
        "lastModified": 1662018438,
        "narHash": "sha256-QtNtU6+LX3Wokxf0zlFwKTFOcn6TeDjKQZ+DA9OYtvM=",
        "owner": "riinr",
        "repo": "nim-flakes-lib",
        "rev": "b1fe8340736e3a85d25c709ac3dfd82a55c03cbf",
        "type": "github"
      },
      "original": {
        "owner": "riinr",
        "ref": "master",
        "repo": "nim-flakes-lib",
        "type": "github"
      }
    },
    "kashae-master": {
      "inputs": {
        "flakeNimbleLib": [
          "flakeNimbleLib"
        ],
        "nixpkgs": [
          "nixpkgs"
        ],
        "src-kashae-master": "src-kashae-master"
      },
      "locked": {
        "dir": "master",
        "lastModified": 1662254556,
        "narHash": "sha256-gA+jyTF3lA5VMFRQIGcwLkEgFgN98iSWXS9nqxXY9hk=",
        "owner": "nim-nix-pkgs",
        "repo": "kashae",
        "rev": "ba00f5c2922d278952671bffdd2b9f100a99c8ab",
        "type": "github"
      },
      "original": {
        "dir": "master",
        "owner": "nim-nix-pkgs",
        "ref": "master",
        "repo": "kashae",
        "type": "github"
      }
    },
    "nixpkgs": {
      "locked": {
        "lastModified": 1667110639,
        "narHash": "sha256-4FbPESZ5LbqQxkJJJBAfk/zKgF9h/4kyUwjjpJwYlbc=",
        "owner": "NixOS",
        "repo": "nixpkgs",
        "rev": "f38a1f04d1bec1feb61fd101a0539ae2002a7087",
        "type": "github"
      },
      "original": {
        "id": "nixpkgs",
        "type": "indirect"
      }
    },
    "root": {
      "inputs": {
        "flakeNimbleLib": "flakeNimbleLib",
        "kashae-master": "kashae-master",
        "nixpkgs": "nixpkgs"
      }
    },
    "src-kashae-master": {
      "flake": false,
      "locked": {
        "lastModified": 1623287473,
        "narHash": "sha256-sWMf/dZLxa42HRdfQdKQSjCBD3EDVrHfjGynFeW+nZA=",
        "owner": "beef331",
        "repo": "kashae",
        "rev": "0642911360fc1aeef6dac51529f18894d7f54554",
        "type": "github"
      },
      "original": {
        "owner": "beef331",
        "ref": "refs/heads/master",
        "repo": "kashae",
        "type": "github"
      }
    }
  },
  "root": "root",
  "version": 7
}
